// !$*UTF8*$!
{
	archiveVersion = 1;
	classes = {
	};
	objectVersion = 46;
	objects = {

/* Begin PBXBuildFile section */
		B75CDDE71ADD9DF7002A7CC0 /* main.m in Sources */ = {isa = PBXBuildFile; fileRef = B75CDDE61ADD9DF7002A7CC0 /* main.m */; };
		B75CDDEA1ADD9DF7002A7CC0 /* AppDelegate.m in Sources */ = {isa = PBXBuildFile; fileRef = B75CDDE91ADD9DF7002A7CC0 /* AppDelegate.m */; };
		B75CDDF01ADD9DF7002A7CC0 /* Main.storyboard in Resources */ = {isa = PBXBuildFile; fileRef = B75CDDEE1ADD9DF7002A7CC0 /* Main.storyboard */; };
		B75CDDF21ADD9DF7002A7CC0 /* Images.xcassets in Resources */ = {isa = PBXBuildFile; fileRef = B75CDDF11ADD9DF7002A7CC0 /* Images.xcassets */; };
		B75CDDF51ADD9DF7002A7CC0 /* LaunchScreen.xib in Resources */ = {isa = PBXBuildFile; fileRef = B75CDDF31ADD9DF7002A7CC0 /* LaunchScreen.xib */; };
		B75CDE011ADD9DF7002A7CC0 /* bml_day2_CustomTableTests.m in Sources */ = {isa = PBXBuildFile; fileRef = B75CDE001ADD9DF7002A7CC0 /* bml_day2_CustomTableTests.m */; };
		B75CDE0F1ADDA2B2002A7CC0 /* CustomTableViewController.m in Sources */ = {isa = PBXBuildFile; fileRef = B75CDE0E1ADDA2B2002A7CC0 /* CustomTableViewController.m */; };
		B75CDE121ADDB3D1002A7CC0 /* CustomTableViewCell.m in Sources */ = {isa = PBXBuildFile; fileRef = B75CDE111ADDB3D1002A7CC0 /* CustomTableViewCell.m */; };
		B78F28701AE024430076ED65 /* recipes.plist in Resources */ = {isa = PBXBuildFile; fileRef = B78F286F1AE024420076ED65 /* recipes.plist */; };
		B78F28731AE0401F0076ED65 /* DetailViewController.m in Sources */ = {isa = PBXBuildFile; fileRef = B78F28721AE0401F0076ED65 /* DetailViewController.m */; };
		B78F28761AE05E070076ED65 /* AboutViewController.m in Sources */ = {isa = PBXBuildFile; fileRef = B78F28751AE05E070076ED65 /* AboutViewController.m */; };
/* End PBXBuildFile section */

/* Begin PBXContainerItemProxy section */
		B75CDDFB1ADD9DF7002A7CC0 /* PBXContainerItemProxy */ = {
			isa = PBXContainerItemProxy;
			containerPortal = B75CDDD91ADD9DF7002A7CC0 /* Project object */;
			proxyType = 1;
			remoteGlobalIDString = B75CDDE01ADD9DF7002A7CC0;
			remoteInfo = bml_day2_CustomTable;
		};
/* End PBXContainerItemProxy section */

/* Begin PBXFileReference section */
		B75CDDE11ADD9DF7002A7CC0 /* bml_day2_CustomTable.app */ = {isa = PBXFileReference; explicitFileType = wrapper.application; includeInIndex = 0; path = bml_day2_CustomTable.app; sourceTree = BUILT_PRODUCTS_DIR; };
		B75CDDE51ADD9DF7002A7CC0 /* Info.plist */ = {isa = PBXFileReference; lastKnownFileType = text.plist.xml; path = Info.plist; sourceTree = "<group>"; };
		B75CDDE61ADD9DF7002A7CC0 /* main.m */ = {isa = PBXFileReference; lastKnownFileType = sourcecode.c.objc; path = main.m; sourceTree = "<group>"; };
		B75CDDE81ADD9DF7002A7CC0 /* AppDelegate.h */ = {isa = PBXFileReference; lastKnownFileType = sourcecode.c.h; path = AppDelegate.h; sourceTree = "<group>"; };
		B75CDDE91ADD9DF7002A7CC0 /* AppDelegate.m */ = {isa = PBXFileReference; lastKnownFileType = sourcecode.c.objc; path = AppDelegate.m; sourceTree = "<group>"; };
		B75CDDEF1ADD9DF7002A7CC0 /* Base */ = {isa = PBXFileReference; lastKnownFileType = file.storyboard; name = Base; path = Base.lproj/Main.storyboard; sourceTree = "<group>"; };
		B75CDDF11ADD9DF7002A7CC0 /* Images.xcassets */ = {isa = PBXFileReference; lastKnownFileType = folder.assetcatalog; path = Images.xcassets; sourceTree = "<group>"; };
		B75CDDF41ADD9DF7002A7CC0 /* Base */ = {isa = PBXFileReference; lastKnownFileType = file.xib; name = Base; path = Base.lproj/LaunchScreen.xib; sourceTree = "<group>"; };
		B75CDDFA1ADD9DF7002A7CC0 /* bml_day2_CustomTableTests.xctest */ = {isa = PBXFileReference; explicitFileType = wrapper.cfbundle; includeInIndex = 0; path = bml_day2_CustomTableTests.xctest; sourceTree = BUILT_PRODUCTS_DIR; };
		B75CDDFF1ADD9DF7002A7CC0 /* Info.plist */ = {isa = PBXFileReference; lastKnownFileType = text.plist.xml; path = Info.plist; sourceTree = "<group>"; };
		B75CDE001ADD9DF7002A7CC0 /* bml_day2_CustomTableTests.m */ = {isa = PBXFileReference; lastKnownFileType = sourcecode.c.objc; path = bml_day2_CustomTableTests.m; sourceTree = "<group>"; };
		B75CDE0D1ADDA2B2002A7CC0 /* CustomTableViewController.h */ = {isa = PBXFileReference; fileEncoding = 4; lastKnownFileType = sourcecode.c.h; path = CustomTableViewController.h; sourceTree = "<group>"; };
		B75CDE0E1ADDA2B2002A7CC0 /* CustomTableViewController.m */ = {isa = PBXFileReference; fileEncoding = 4; lastKnownFileType = sourcecode.c.objc; path = CustomTableViewController.m; sourceTree = "<group>"; };
		B75CDE101ADDB3D1002A7CC0 /* CustomTableViewCell.h */ = {isa = PBXFileReference; fileEncoding = 4; lastKnownFileType = sourcecode.c.h; path = CustomTableViewCell.h; sourceTree = "<group>"; };
		B75CDE111ADDB3D1002A7CC0 /* CustomTableViewCell.m */ = {isa = PBXFileReference; fileEncoding = 4; lastKnownFileType = sourcecode.c.objc; path = CustomTableViewCell.m; sourceTree = "<group>"; };
		B78F286F1AE024420076ED65 /* recipes.plist */ = {isa = PBXFileReference; fileEncoding = 4; lastKnownFileType = text.plist.xml; path = recipes.plist; sourceTree = "<group>"; };
		B78F28711AE0401F0076ED65 /* DetailViewController.h */ = {isa = PBXFileReference; fileEncoding = 4; lastKnownFileType = sourcecode.c.h; path = DetailViewController.h; sourceTree = "<group>"; };
		B78F28721AE0401F0076ED65 /* DetailViewController.m */ = {isa = PBXFileReference; fileEncoding = 4; lastKnownFileType = sourcecode.c.objc; path = DetailViewController.m; sourceTree = "<group>"; };
		B78F28741AE05E070076ED65 /* AboutViewController.h */ = {isa = PBXFileReference; fileEncoding = 4; lastKnownFileType = sourcecode.c.h; path = AboutViewController.h; sourceTree = "<group>"; };
		B78F28751AE05E070076ED65 /* AboutViewController.m */ = {isa = PBXFileReference; fileEncoding = 4; lastKnownFileType = sourcecode.c.objc; path = AboutViewController.m; sourceTree = "<group>"; };
/* End PBXFileReference section */

/* Begin PBXFrameworksBuildPhase section */
		B75CDDDE1ADD9DF7002A7CC0 /* Frameworks */ = {
			isa = PBXFrameworksBuildPhase;
			buildActionMask = 2147483647;
			files = (
			);
			runOnlyForDeploymentPostprocessing = 0;
		};
		B75CDDF71ADD9DF7002A7CC0 /* Frameworks */ = {
			isa = PBXFrameworksBuildPhase;
			buildActionMask = 2147483647;
			files = (
			);
			runOnlyForDeploymentPostprocessing = 0;
		};
/* End PBXFrameworksBuildPhase section */

/* Begin PBXGroup section */
		B75CDDD81ADD9DF7002A7CC0 = {
			isa = PBXGroup;
			children = (
				B75CDDE31ADD9DF7002A7CC0 /* bml_day2_CustomTable */,
				B75CDDFD1ADD9DF7002A7CC0 /* bml_day2_CustomTableTests */,
				B75CDDE21ADD9DF7002A7CC0 /* Products */,
			);
			sourceTree = "<group>";
		};
		B75CDDE21ADD9DF7002A7CC0 /* Products */ = {
			isa = PBXGroup;
			children = (
				B75CDDE11ADD9DF7002A7CC0 /* bml_day2_CustomTable.app */,
				B75CDDFA1ADD9DF7002A7CC0 /* bml_day2_CustomTableTests.xctest */,
			);
			name = Products;
			sourceTree = "<group>";
		};
		B75CDDE31ADD9DF7002A7CC0 /* bml_day2_CustomTable */ = {
			isa = PBXGroup;
			children = (
				B75CDE101ADDB3D1002A7CC0 /* CustomTableViewCell.h */,
				B75CDE111ADDB3D1002A7CC0 /* CustomTableViewCell.m */,
				B75CDE0D1ADDA2B2002A7CC0 /* CustomTableViewController.h */,
				B75CDE0E1ADDA2B2002A7CC0 /* CustomTableViewController.m */,
				B75CDDE81ADD9DF7002A7CC0 /* AppDelegate.h */,
				B75CDDE91ADD9DF7002A7CC0 /* AppDelegate.m */,
				B75CDDEE1ADD9DF7002A7CC0 /* Main.storyboard */,
				B75CDDF11ADD9DF7002A7CC0 /* Images.xcassets */,
				B75CDDF31ADD9DF7002A7CC0 /* LaunchScreen.xib */,
				B75CDDE41ADD9DF7002A7CC0 /* Supporting Files */,
				B78F286F1AE024420076ED65 /* recipes.plist */,
				B78F28711AE0401F0076ED65 /* DetailViewController.h */,
				B78F28721AE0401F0076ED65 /* DetailViewController.m */,
				B78F28741AE05E070076ED65 /* AboutViewController.h */,
				B78F28751AE05E070076ED65 /* AboutViewController.m */,
			);
			path = bml_day2_CustomTable;
			sourceTree = "<group>";
		};
		B75CDDE41ADD9DF7002A7CC0 /* Supporting Files */ = {
			isa = PBXGroup;
			children = (
				B75CDDE51ADD9DF7002A7CC0 /* Info.plist */,
				B75CDDE61ADD9DF7002A7CC0 /* main.m */,
			);
			name = "Supporting Files";
			sourceTree = "<group>";
		};
		B75CDDFD1ADD9DF7002A7CC0 /* bml_day2_CustomTableTests */ = {
			isa = PBXGroup;
			children = (
				B75CDE001ADD9DF7002A7CC0 /* bml_day2_CustomTableTests.m */,
				B75CDDFE1ADD9DF7002A7CC0 /* Supporting Files */,
			);
			path = bml_day2_CustomTableTests;
			sourceTree = "<group>";
		};
		B75CDDFE1ADD9DF7002A7CC0 /* Supporting Files */ = {
			isa = PBXGroup;
			children = (
				B75CDDFF1ADD9DF7002A7CC0 /* Info.plist */,
			);
			name = "Supporting Files";
			sourceTree = "<group>";
		};
/* End PBXGroup section */

/* Begin PBXNativeTarget section */
		B75CDDE01ADD9DF7002A7CC0 /* bml_day2_CustomTable */ = {
			isa = PBXNativeTarget;
			buildConfigurationList = B75CDE041ADD9DF7002A7CC0 /* Build configuration list for PBXNativeTarget "bml_day2_CustomTable" */;
			buildPhases = (
				B75CDDDD1ADD9DF7002A7CC0 /* Sources */,
				B75CDDDE1ADD9DF7002A7CC0 /* Frameworks */,
				B75CDDDF1ADD9DF7002A7CC0 /* Resources */,
			);
			buildRules = (
			);
			dependencies = (
			);
			name = bml_day2_CustomTable;
			productName = bml_day2_CustomTable;
			productReference = B75CDDE11ADD9DF7002A7CC0 /* bml_day2_CustomTable.app */;
			productType = "com.apple.product-type.application";
		};
		B75CDDF91ADD9DF7002A7CC0 /* bml_day2_CustomTableTests */ = {
			isa = PBXNativeTarget;
			buildConfigurationList = B75CDE071ADD9DF7002A7CC0 /* Build configuration list for PBXNativeTarget "bml_day2_CustomTableTests" */;
			buildPhases = (
				B75CDDF61ADD9DF7002A7CC0 /* Sources */,
				B75CDDF71ADD9DF7002A7CC0 /* Frameworks */,
				B75CDDF81ADD9DF7002A7CC0 /* Resources */,
			);
			buildRules = (
			);
			dependencies = (
				B75CDDFC1ADD9DF7002A7CC0 /* PBXTargetDependency */,
			);
			name = bml_day2_CustomTableTests;
			productName = bml_day2_CustomTableTests;
			productReference = B75CDDFA1ADD9DF7002A7CC0 /* bml_day2_CustomTableTests.xctest */;
			productType = "com.apple.product-type.bundle.unit-test";
		};
/* End PBXNativeTarget section */

/* Begin PBXProject section */
		B75CDDD91ADD9DF7002A7CC0 /* Project object */ = {
			isa = PBXProject;
			attributes = {
				LastUpgradeCheck = 0630;
				ORGANIZATIONNAME = "Vincent Renais";
				TargetAttributes = {
					B75CDDE01ADD9DF7002A7CC0 = {
						CreatedOnToolsVersion = 6.3;
					};
					B75CDDF91ADD9DF7002A7CC0 = {
						CreatedOnToolsVersion = 6.3;
						TestTargetID = B75CDDE01ADD9DF7002A7CC0;
					};
				};
			};
			buildConfigurationList = B75CDDDC1ADD9DF7002A7CC0 /* Build configuration list for PBXProject "bml_day2_CustomTable" */;
			compatibilityVersion = "Xcode 3.2";
			developmentRegion = English;
			hasScannedForEncodings = 0;
			knownRegions = (
				en,
				Base,
			);
			mainGroup = B75CDDD81ADD9DF7002A7CC0;
			productRefGroup = B75CDDE21ADD9DF7002A7CC0 /* Products */;
			projectDirPath = "";
			projectRoot = "";
			targets = (
				B75CDDE01ADD9DF7002A7CC0 /* bml_day2_CustomTable */,
				B75CDDF91ADD9DF7002A7CC0 /* bml_day2_CustomTableTests */,
			);
		};
/* End PBXProject section */

/* Begin PBXResourcesBuildPhase section */
		B75CDDDF1ADD9DF7002A7CC0 /* Resources */ = {
			isa = PBXResourcesBuildPhase;
			buildActionMask = 2147483647;
			files = (
				B75CDDF01ADD9DF7002A7CC0 /* Main.storyboard in Resources */,
				B75CDDF51ADD9DF7002A7CC0 /* LaunchScreen.xib in Resources */,
				B78F28701AE024430076ED65 /* recipes.plist in Resources */,
				B75CDDF21ADD9DF7002A7CC0 /* Images.xcassets in Resources */,
			);
			runOnlyForDeploymentPostprocessing = 0;
		};
		B75CDDF81ADD9DF7002A7CC0 /* Resources */ = {
			isa = PBXResourcesBuildPhase;
			buildActionMask = 2147483647;
			files = (
			);
			runOnlyForDeploymentPostprocessing = 0;
		};
/* End PBXResourcesBuildPhase section */

/* Begin PBXSourcesBuildPhase section */
		B75CDDDD1ADD9DF7002A7CC0 /* Sources */ = {
			isa = PBXSourcesBuildPhase;
			buildActionMask = 2147483647;
			files = (
				B78F28761AE05E070076ED65 /* AboutViewController.m in Sources */,
				B78F28731AE0401F0076ED65 /* DetailViewController.m in Sources */,
				B75CDDEA1ADD9DF7002A7CC0 /* AppDelegate.m in Sources */,
				B75CDE0F1ADDA2B2002A7CC0 /* CustomTableViewController.m in Sources */,
				B75CDE121ADDB3D1002A7CC0 /* CustomTableViewCell.m in Sources */,
				B75CDDE71ADD9DF7002A7CC0 /* main.m in Sources */,
			);
			runOnlyForDeploymentPostprocessing = 0;
		};
		B75CDDF61ADD9DF7002A7CC0 /* Sources */ = {
			isa = PBXSourcesBuildPhase;
			buildActionMask = 2147483647;
			files = (
				B75CDE011ADD9DF7002A7CC0 /* bml_day2_CustomTableTests.m in Sources */,
			);
			runOnlyForDeploymentPostprocessing = 0;
		};
/* End PBXSourcesBuildPhase section */

/* Begin PBXTargetDependency section */
		B75CDDFC1ADD9DF7002A7CC0 /* PBXTargetDependency */ = {
			isa = PBXTargetDependency;
			target = B75CDDE01ADD9DF7002A7CC0 /* bml_day2_CustomTable */;
			targetProxy = B75CDDFB1ADD9DF7002A7CC0 /* PBXContainerItemProxy */;
		};
/* End PBXTargetDependency section */

/* Begin PBXVariantGroup section */
		B75CDDEE1ADD9DF7002A7CC0 /* Main.storyboard */ = {
			isa = PBXVariantGroup;
			children = (
				B75CDDEF1ADD9DF7002A7CC0 /* Base */,
			);
			name = Main.storyboard;
			sourceTree = "<group>";
		};
		B75CDDF31ADD9DF7002A7CC0 /* LaunchScreen.xib */ = {
			isa = PBXVariantGroup;
			children = (
				B75CDDF41ADD9DF7002A7CC0 /* Base */,
			);
			name = LaunchScreen.xib;
			sourceTree = "<group>";
		};
/* End PBXVariantGroup section */

/* Begin XCBuildConfiguration section */
		B75CDE021ADD9DF7002A7CC0 /* Debug */ = {
			isa = XCBuildConfiguration;
			buildSettings = {
				ALWAYS_SEARCH_USER_PATHS = NO;
				CLANG_CXX_LANGUAGE_STANDARD = "gnu++0x";
				CLANG_CXX_LIBRARY = "libc++";
				CLANG_ENABLE_MODULES = YES;
				CLANG_ENABLE_OBJC_ARC = YES;
				CLANG_WARN_BOOL_CONVERSION = YES;
				CLANG_WARN_CONSTANT_CONVERSION = YES;
				CLANG_WARN_DIRECT_OBJC_ISA_USAGE = YES_ERROR;
				CLANG_WARN_EMPTY_BODY = YES;
				CLANG_WARN_ENUM_CONVERSION = YES;
				CLANG_WARN_INT_CONVERSION = YES;
				CLANG_WARN_OBJC_ROOT_CLASS = YES_ERROR;
				CLANG_WARN_UNREACHABLE_CODE = YES;
				CLANG_WARN__DUPLICATE_METHOD_MATCH = YES;
				"CODE_SIGN_IDENTITY[sdk=iphoneos*]" = "iPhone Developer";
				COPY_PHASE_STRIP = NO;
				DEBUG_INFORMATION_FORMAT = "dwarf-with-dsym";
				ENABLE_STRICT_OBJC_MSGSEND = YES;
				GCC_C_LANGUAGE_STANDARD = gnu99;
				GCC_DYNAMIC_NO_PIC = NO;
				GCC_NO_COMMON_BLOCKS = YES;
				GCC_OPTIMIZATION_LEVEL = 0;
				GCC_PREPROCESSOR_DEFINITIONS = (
					"DEBUG=1",
					"$(inherited)",
				);
				GCC_SYMBOLS_PRIVATE_EXTERN = NO;
				GCC_WARN_64_TO_32_BIT_CONVERSION = YES;
				GCC_WARN_ABOUT_RETURN_TYPE = YES_ERROR;
				GCC_WARN_UNDECLARED_SELECTOR = YES;
				GCC_WARN_UNINITIALIZED_AUTOS = YES_AGGRESSIVE;
				GCC_WARN_UNUSED_FUNCTION = YES;
				GCC_WARN_UNUSED_VARIABLE = YES;
				IPHONEOS_DEPLOYMENT_TARGET = 8.3;
				MTL_ENABLE_DEBUG_INFO = YES;
				ONLY_ACTIVE_ARCH = YES;
				SDKROOT = iphoneos;
			};
			name = Debug;
		};
		B75CDE031ADD9DF7002A7CC0 /* Release */ = {
			isa = XCBuildConfiguration;
			buildSettings = {
				ALWAYS_SEARCH_USER_PATHS = NO;
				CLANG_CXX_LANGUAGE_STANDARD = "gnu++0x";
				CLANG_CXX_LIBRARY = "libc++";
				CLANG_ENABLE_MODULES = YES;
				CLANG_ENABLE_OBJC_ARC = YES;
				CLANG_WARN_BOOL_CONVERSION = YES;
				CLANG_WARN_CONSTANT_CONVERSION = YES;
				CLANG_WARN_DIRECT_OBJC_ISA_USAGE = YES_ERROR;
				CLANG_WARN_EMPTY_BODY = YES;
				CLANG_WARN_ENUM_CONVERSION = YES;
				CLANG_WARN_INT_CONVERSION = YES;
				CLANG_WARN_OBJC_ROOT_CLASS = YES_ERROR;
				CLANG_WARN_UNREACHABLE_CODE = YES;
				CLANG_WARN__DUPLICATE_METHOD_MATCH = YES;
				"CODE_SIGN_IDENTITY[sdk=iphoneos*]" = "iPhone Developer";
				COPY_PHASE_STRIP = NO;
				DEBUG_INFORMATION_FORMAT = "dwarf-with-dsym";
				ENABLE_NS_ASSERTIONS = NO;
				ENABLE_STRICT_OBJC_MSGSEND = YES;
				GCC_C_LANGUAGE_STANDARD = gnu99;
				GCC_NO_COMMON_BLOCKS = YES;
				GCC_WARN_64_TO_32_BIT_CONVERSION = YES;
				GCC_WARN_ABOUT_RETURN_TYPE = YES_ERROR;
				GCC_WARN_UNDECLARED_SELECTOR = YES;
				GCC_WARN_UNINITIALIZED_AUTOS = YES_AGGRESSIVE;
				GCC_WARN_UNUSED_FUNCTION = YES;
				GCC_WARN_UNUSED_VARIABLE = YES;
				IPHONEOS_DEPLOYMENT_TARGET = 8.3;
				MTL_ENABLE_DEBUG_INFO = NO;
				SDKROOT = iphoneos;
				VALIDATE_PRODUCT = YES;
			};
			name = Release;
		};
		B75CDE051ADD9DF7002A7CC0 /* Debug */ = {
			isa = XCBuildConfiguration;
			buildSettings = {
				ASSETCATALOG_COMPILER_APPICON_NAME = AppIcon;
				INFOPLIST_FILE = bml_day2_CustomTable/Info.plist;
				LD_RUNPATH_SEARCH_PATHS = "$(inherited) @executable_path/Frameworks";
				PRODUCT_NAME = "$(TARGET_NAME)";
			};
			name = Debug;
		};
		B75CDE061ADD9DF7002A7CC0 /* Release */ = {
			isa = XCBuildConfiguration;
			buildSettings = {
				ASSETCATALOG_COMPILER_APPICON_NAME = AppIcon;
				INFOPLIST_FILE = bml_day2_CustomTable/Info.plist;
				LD_RUNPATH_SEARCH_PATHS = "$(inherited) @executable_path/Frameworks";
				PRODUCT_NAME = "$(TARGET_NAME)";
			};
			name = Release;
		};
		B75CDE081ADD9DF7002A7CC0 /* Debug */ = {
			isa = XCBuildConfiguration;
			buildSettings = {
				BUNDLE_LOADER = "$(TEST_HOST)";
				FRAMEWORK_SEARCH_PATHS = (
					"$(SDKROOT)/Developer/Library/Frameworks",
					"$(inherited)",
				);
				GCC_PREPROCESSOR_DEFINITIONS = (
					"DEBUG=1",
					"$(inherited)",
				);
				INFOPLIST_FILE = bml_day2_CustomTableTests/Info.plist;
				LD_RUNPATH_SEARCH_PATHS = "$(inherited) @executable_path/Frameworks @loader_path/Frameworks";
				PRODUCT_NAME = "$(TARGET_NAME)";
				TEST_HOST = "$(BUILT_PRODUCTS_DIR)/bml_day2_CustomTable.app/bml_day2_CustomTable";
			};
			name = Debug;
		};
		B75CDE091ADD9DF7002A7CC0 /* Release */ = {
			isa = XCBuildConfiguration;
			buildSettings = {
				BUNDLE_LOADER = "$(TEST_HOST)";
				FRAMEWORK_SEARCH_PATHS = (
					"$(SDKROOT)/Developer/Library/Frameworks",
					"$(inherited)",
				);
				INFOPLIST_FILE = bml_day2_CustomTableTests/Info.plist;
				LD_RUNPATH_SEARCH_PATHS = "$(inherited) @executable_path/Frameworks @loader_path/Frameworks";
				PRODUCT_NAME = "$(TARGET_NAME)";
				TEST_HOST = "$(BUILT_PRODUCTS_DIR)/bml_day2_CustomTable.app/bml_day2_CustomTable";
			};
			name = Release;
		};
/* End XCBuildConfiguration section */

/* Begin XCConfigurationList section */
		B75CDDDC1ADD9DF7002A7CC0 /* Build configuration list for PBXProject "bml_day2_CustomTable" */ = {
			isa = XCConfigurationList;
			buildConfigurations = (
				B75CDE021ADD9DF7002A7CC0 /* Debug */,
				B75CDE031ADD9DF7002A7CC0 /* Release */,
			);
			defaultConfigurationIsVisible = 0;
			defaultConfigurationName = Release;
		};
		B75CDE041ADD9DF7002A7CC0 /* Build configuration list for PBXNativeTarget "bml_day2_CustomTable" */ = {
			isa = XCConfigurationList;
			buildConfigurations = (
				B75CDE051ADD9DF7002A7CC0 /* Debug */,
				B75CDE061ADD9DF7002A7CC0 /* Release */,
			);
			defaultConfigurationIsVisible = 0;
			defaultConfigurationName = Release;
		};
		B75CDE071ADD9DF7002A7CC0 /* Build configuration list for PBXNativeTarget "bml_day2_CustomTableTests" */ = {
			isa = XCConfigurationList;
			buildConfigurations = (
				B75CDE081ADD9DF7002A7CC0 /* Debug */,
				B75CDE091ADD9DF7002A7CC0 /* Release */,
			);
			defaultConfigurationIsVisible = 0;
			defaultConfigurationName = Release;
		};
/* End XCConfigurationList section */
	};
	rootObject = B75CDDD91ADD9DF7002A7CC0 /* Project object */;
}
